
Microsoft Visual Studio Solution File, Format Version 12.00
# Visual Studio 15
VisualStudioVersion = 15.0.26124.0
MinimumVisualStudioVersion = 15.0.26124.0
Project("{6EC3EE1D-3C4E-46DD-8F32-0CC8E7565705}") = "Ozmo", "ozmo\Ozmo.fsproj", "{A657D68F-2FF8-4D4E-94F4-03373E48D793}"
EndProject
Project("{6EC3EE1D-3C4E-46DD-8F32-0CC8E7565705}") = "React.TodoMVC", "react-todomvc\React.TodoMVC.fsproj", "{34E52684-F16A-4255-998B-15C50C559EE8}"
EndProject
Project("{6EC3EE1D-3C4E-46DD-8F32-0CC8E7565705}") = "Canvas", "canvas\Canvas.fsproj", "{B3A83CC0-C80E-4BB0-965C-15369934137C}"
EndProject
Project("{6EC3EE1D-3C4E-46DD-8F32-0CC8E7565705}") = "Funsnake", "funsnake\Funsnake.fsproj", "{63F3424A-6DB7-4D61-8CE9-1E295CDC0CD3}"
EndProject
Project("{6EC3EE1D-3C4E-46DD-8F32-0CC8E7565705}") = "Hokusai", "hokusai\Hokusai.fsproj", "{53B3DB05-6F25-4C7D-83C5-63DFC931425A}"
EndProject
Project("{6EC3EE1D-3C4E-46DD-8F32-0CC8E7565705}") = "LSystem", "lsystem\LSystem.fsproj", "{568BFE09-B390-443B-A2CF-B64EAA4EA379}"
EndProject
Project("{6EC3EE1D-3C4E-46DD-8F32-0CC8E7565705}") = "Mandelbrot", "mandelbrot\Mandelbrot.fsproj", "{7AAC8BDF-F1A5-4CA3-8355-67F08765BF97}"
EndProject
Project("{6EC3EE1D-3C4E-46DD-8F32-0CC8E7565705}") = "Mario", "mario\Mario.fsproj", "{AC0CB754-893F-4E43-90C3-88F2BF0581C8}"
EndProject
Project("{6EC3EE1D-3C4E-46DD-8F32-0CC8E7565705}") = "Pacman", "pacman\Pacman.fsproj", "{D5E88A83-E2FF-4CE3-96CA-052AB5EC0941}"
EndProject
Project("{6EC3EE1D-3C4E-46DD-8F32-0CC8E7565705}") = "Pixi", "pixi\Pixi.fsproj", "{8E207908-1430-4435-B3E8-15E238DE1BDA}"
EndProject
Project("{6EC3EE1D-3C4E-46DD-8F32-0CC8E7565705}") = "Pong", "pong\Pong.fsproj", "{B301D57D-20BC-4559-86E8-43D3C01AD8B7}"
EndProject
Project("{6EC3EE1D-3C4E-46DD-8F32-0CC8E7565705}") = "SameGame", "samegame\SameGame.fsproj", "{F1B77ED4-51B2-445C-9D58-B9719A4735E6}"
EndProject
Project("{6EC3EE1D-3C4E-46DD-8F32-0CC8E7565705}") = "Vue.TodoMVC", "vue-todomvc\Vue.TodoMVC.fsproj", "{4BA5F719-AB99-4119-8285-E8288D676609}"
EndProject
Project("{6EC3EE1D-3C4E-46DD-8F32-0CC8E7565705}") = "webGLTerrain", "webGLTerrain\webGLTerrain.fsproj", "{A8DC1EAE-E5F8-419B-A0C1-2B1B6C45F6D6}"
EndProject
Project("{6EC3EE1D-3C4E-46DD-8F32-0CC8E7565705}") = "Redux.TodoMVC", "redux-todomvc\Redux.TodoMVC.fsproj", "{F0132EB7-1A0C-4583-9C5C-D9296B73C59A}"
EndProject
Project("{6EC3EE1D-3C4E-46DD-8F32-0CC8E7565705}") = "d3map", "d3map\d3map.fsproj", "{F98BC72C-A3F4-4944-86F7-A323B39E7250}"
EndProject
Global
	GlobalSection(SolutionConfigurationPlatforms) = preSolution
		Debug|Any CPU = Debug|Any CPU
		Debug|x64 = Debug|x64
		Debug|x86 = Debug|x86
		Release|Any CPU = Release|Any CPU
		Release|x64 = Release|x64
		Release|x86 = Release|x86
	EndGlobalSection
	GlobalSection(SolutionProperties) = preSolution
		HideSolutionNode = FALSE
	EndGlobalSection
	GlobalSection(ProjectConfigurationPlatforms) = postSolution
		{A657D68F-2FF8-4D4E-94F4-03373E48D793}.Debug|Any CPU.ActiveCfg = Debug|Any CPU
		{A657D68F-2FF8-4D4E-94F4-03373E48D793}.Debug|Any CPU.Build.0 = Debug|Any CPU
		{A657D68F-2FF8-4D4E-94F4-03373E48D793}.Debug|x64.ActiveCfg = Debug|x64
		{A657D68F-2FF8-4D4E-94F4-03373E48D793}.Debug|x64.Build.0 = Debug|x64
		{A657D68F-2FF8-4D4E-94F4-03373E48D793}.Debug|x86.ActiveCfg = Debug|x86
		{A657D68F-2FF8-4D4E-94F4-03373E48D793}.Debug|x86.Build.0 = Debug|x86
		{A657D68F-2FF8-4D4E-94F4-03373E48D793}.Release|Any CPU.ActiveCfg = Release|Any CPU
		{A657D68F-2FF8-4D4E-94F4-03373E48D793}.Release|Any CPU.Build.0 = Release|Any CPU
		{A657D68F-2FF8-4D4E-94F4-03373E48D793}.Release|x64.ActiveCfg = Release|x64
		{A657D68F-2FF8-4D4E-94F4-03373E48D793}.Release|x64.Build.0 = Release|x64
		{A657D68F-2FF8-4D4E-94F4-03373E48D793}.Release|x86.ActiveCfg = Release|x86
		{A657D68F-2FF8-4D4E-94F4-03373E48D793}.Release|x86.Build.0 = Release|x86
		{34E52684-F16A-4255-998B-15C50C559EE8}.Debug|Any CPU.ActiveCfg = Debug|Any CPU
		{34E52684-F16A-4255-998B-15C50C559EE8}.Debug|Any CPU.Build.0 = Debug|Any CPU
		{34E52684-F16A-4255-998B-15C50C559EE8}.Debug|x64.ActiveCfg = Debug|x64
		{34E52684-F16A-4255-998B-15C50C559EE8}.Debug|x64.Build.0 = Debug|x64
		{34E52684-F16A-4255-998B-15C50C559EE8}.Debug|x86.ActiveCfg = Debug|x86
		{34E52684-F16A-4255-998B-15C50C559EE8}.Debug|x86.Build.0 = Debug|x86
		{34E52684-F16A-4255-998B-15C50C559EE8}.Release|Any CPU.ActiveCfg = Release|Any CPU
		{34E52684-F16A-4255-998B-15C50C559EE8}.Release|Any CPU.Build.0 = Release|Any CPU
		{34E52684-F16A-4255-998B-15C50C559EE8}.Release|x64.ActiveCfg = Release|x64
		{34E52684-F16A-4255-998B-15C50C559EE8}.Release|x64.Build.0 = Release|x64
		{34E52684-F16A-4255-998B-15C50C559EE8}.Release|x86.ActiveCfg = Release|x86
		{34E52684-F16A-4255-998B-15C50C559EE8}.Release|x86.Build.0 = Release|x86
		{B3A83CC0-C80E-4BB0-965C-15369934137C}.Debug|Any CPU.ActiveCfg = Debug|Any CPU
		{B3A83CC0-C80E-4BB0-965C-15369934137C}.Debug|Any CPU.Build.0 = Debug|Any CPU
		{B3A83CC0-C80E-4BB0-965C-15369934137C}.Debug|x64.ActiveCfg = Debug|x64
		{B3A83CC0-C80E-4BB0-965C-15369934137C}.Debug|x64.Build.0 = Debug|x64
		{B3A83CC0-C80E-4BB0-965C-15369934137C}.Debug|x86.ActiveCfg = Debug|x86
		{B3A83CC0-C80E-4BB0-965C-15369934137C}.Debug|x86.Build.0 = Debug|x86
		{B3A83CC0-C80E-4BB0-965C-15369934137C}.Release|Any CPU.ActiveCfg = Release|Any CPU
		{B3A83CC0-C80E-4BB0-965C-15369934137C}.Release|Any CPU.Build.0 = Release|Any CPU
		{B3A83CC0-C80E-4BB0-965C-15369934137C}.Release|x64.ActiveCfg = Release|x64
		{B3A83CC0-C80E-4BB0-965C-15369934137C}.Release|x64.Build.0 = Release|x64
		{B3A83CC0-C80E-4BB0-965C-15369934137C}.Release|x86.ActiveCfg = Release|x86
		{B3A83CC0-C80E-4BB0-965C-15369934137C}.Release|x86.Build.0 = Release|x86
		{63F3424A-6DB7-4D61-8CE9-1E295CDC0CD3}.Debug|Any CPU.ActiveCfg = Debug|Any CPU
		{63F3424A-6DB7-4D61-8CE9-1E295CDC0CD3}.Debug|Any CPU.Build.0 = Debug|Any CPU
		{63F3424A-6DB7-4D61-8CE9-1E295CDC0CD3}.Debug|x64.ActiveCfg = Debug|x64
		{63F3424A-6DB7-4D61-8CE9-1E295CDC0CD3}.Debug|x64.Build.0 = Debug|x64
		{63F3424A-6DB7-4D61-8CE9-1E295CDC0CD3}.Debug|x86.ActiveCfg = Debug|x86
		{63F3424A-6DB7-4D61-8CE9-1E295CDC0CD3}.Debug|x86.Build.0 = Debug|x86
		{63F3424A-6DB7-4D61-8CE9-1E295CDC0CD3}.Release|Any CPU.ActiveCfg = Release|Any CPU
		{63F3424A-6DB7-4D61-8CE9-1E295CDC0CD3}.Release|Any CPU.Build.0 = Release|Any CPU
		{63F3424A-6DB7-4D61-8CE9-1E295CDC0CD3}.Release|x64.ActiveCfg = Release|x64
		{63F3424A-6DB7-4D61-8CE9-1E295CDC0CD3}.Release|x64.Build.0 = Release|x64
		{63F3424A-6DB7-4D61-8CE9-1E295CDC0CD3}.Release|x86.ActiveCfg = Release|x86
		{63F3424A-6DB7-4D61-8CE9-1E295CDC0CD3}.Release|x86.Build.0 = Release|x86
		{53B3DB05-6F25-4C7D-83C5-63DFC931425A}.Debug|Any CPU.ActiveCfg = Debug|Any CPU
		{53B3DB05-6F25-4C7D-83C5-63DFC931425A}.Debug|Any CPU.Build.0 = Debug|Any CPU
		{53B3DB05-6F25-4C7D-83C5-63DFC931425A}.Debug|x64.ActiveCfg = Debug|x64
		{53B3DB05-6F25-4C7D-83C5-63DFC931425A}.Debug|x64.Build.0 = Debug|x64
		{53B3DB05-6F25-4C7D-83C5-63DFC931425A}.Debug|x86.ActiveCfg = Debug|x86
		{53B3DB05-6F25-4C7D-83C5-63DFC931425A}.Debug|x86.Build.0 = Debug|x86
		{53B3DB05-6F25-4C7D-83C5-63DFC931425A}.Release|Any CPU.ActiveCfg = Release|Any CPU
		{53B3DB05-6F25-4C7D-83C5-63DFC931425A}.Release|Any CPU.Build.0 = Release|Any CPU
		{53B3DB05-6F25-4C7D-83C5-63DFC931425A}.Release|x64.ActiveCfg = Release|x64
		{53B3DB05-6F25-4C7D-83C5-63DFC931425A}.Release|x64.Build.0 = Release|x64
		{53B3DB05-6F25-4C7D-83C5-63DFC931425A}.Release|x86.ActiveCfg = Release|x86
		{53B3DB05-6F25-4C7D-83C5-63DFC931425A}.Release|x86.Build.0 = Release|x86
		{568BFE09-B390-443B-A2CF-B64EAA4EA379}.Debug|Any CPU.ActiveCfg = Debug|Any CPU
		{568BFE09-B390-443B-A2CF-B64EAA4EA379}.Debug|Any CPU.Build.0 = Debug|Any CPU
		{568BFE09-B390-443B-A2CF-B64EAA4EA379}.Debug|x64.ActiveCfg = Debug|x64
		{568BFE09-B390-443B-A2CF-B64EAA4EA379}.Debug|x64.Build.0 = Debug|x64
		{568BFE09-B390-443B-A2CF-B64EAA4EA379}.Debug|x86.ActiveCfg = Debug|x86
		{568BFE09-B390-443B-A2CF-B64EAA4EA379}.Debug|x86.Build.0 = Debug|x86
		{568BFE09-B390-443B-A2CF-B64EAA4EA379}.Release|Any CPU.ActiveCfg = Release|Any CPU
		{568BFE09-B390-443B-A2CF-B64EAA4EA379}.Release|Any CPU.Build.0 = Release|Any CPU
		{568BFE09-B390-443B-A2CF-B64EAA4EA379}.Release|x64.ActiveCfg = Release|x64
		{568BFE09-B390-443B-A2CF-B64EAA4EA379}.Release|x64.Build.0 = Release|x64
		{568BFE09-B390-443B-A2CF-B64EAA4EA379}.Release|x86.ActiveCfg = Release|x86
		{568BFE09-B390-443B-A2CF-B64EAA4EA379}.Release|x86.Build.0 = Release|x86
		{7AAC8BDF-F1A5-4CA3-8355-67F08765BF97}.Debug|Any CPU.ActiveCfg = Debug|Any CPU
		{7AAC8BDF-F1A5-4CA3-8355-67F08765BF97}.Debug|Any CPU.Build.0 = Debug|Any CPU
		{7AAC8BDF-F1A5-4CA3-8355-67F08765BF97}.Debug|x64.ActiveCfg = Debug|x64
		{7AAC8BDF-F1A5-4CA3-8355-67F08765BF97}.Debug|x64.Build.0 = Debug|x64
		{7AAC8BDF-F1A5-4CA3-8355-67F08765BF97}.Debug|x86.ActiveCfg = Debug|x86
		{7AAC8BDF-F1A5-4CA3-8355-67F08765BF97}.Debug|x86.Build.0 = Debug|x86
		{7AAC8BDF-F1A5-4CA3-8355-67F08765BF97}.Release|Any CPU.ActiveCfg = Release|Any CPU
		{7AAC8BDF-F1A5-4CA3-8355-67F08765BF97}.Release|Any CPU.Build.0 = Release|Any CPU
		{7AAC8BDF-F1A5-4CA3-8355-67F08765BF97}.Release|x64.ActiveCfg = Release|x64
		{7AAC8BDF-F1A5-4CA3-8355-67F08765BF97}.Release|x64.Build.0 = Release|x64
		{7AAC8BDF-F1A5-4CA3-8355-67F08765BF97}.Release|x86.ActiveCfg = Release|x86
		{7AAC8BDF-F1A5-4CA3-8355-67F08765BF97}.Release|x86.Build.0 = Release|x86
		{AC0CB754-893F-4E43-90C3-88F2BF0581C8}.Debug|Any CPU.ActiveCfg = Debug|Any CPU
		{AC0CB754-893F-4E43-90C3-88F2BF0581C8}.Debug|Any CPU.Build.0 = Debug|Any CPU
		{AC0CB754-893F-4E43-90C3-88F2BF0581C8}.Debug|x64.ActiveCfg = Debug|x64
		{AC0CB754-893F-4E43-90C3-88F2BF0581C8}.Debug|x64.Build.0 = Debug|x64
		{AC0CB754-893F-4E43-90C3-88F2BF0581C8}.Debug|x86.ActiveCfg = Debug|x86
		{AC0CB754-893F-4E43-90C3-88F2BF0581C8}.Debug|x86.Build.0 = Debug|x86
		{AC0CB754-893F-4E43-90C3-88F2BF0581C8}.Release|Any CPU.ActiveCfg = Release|Any CPU
		{AC0CB754-893F-4E43-90C3-88F2BF0581C8}.Release|Any CPU.Build.0 = Release|Any CPU
		{AC0CB754-893F-4E43-90C3-88F2BF0581C8}.Release|x64.ActiveCfg = Release|x64
		{AC0CB754-893F-4E43-90C3-88F2BF0581C8}.Release|x64.Build.0 = Release|x64
		{AC0CB754-893F-4E43-90C3-88F2BF0581C8}.Release|x86.ActiveCfg = Release|x86
		{AC0CB754-893F-4E43-90C3-88F2BF0581C8}.Release|x86.Build.0 = Release|x86
		{D5E88A83-E2FF-4CE3-96CA-052AB5EC0941}.Debug|Any CPU.ActiveCfg = Debug|Any CPU
		{D5E88A83-E2FF-4CE3-96CA-052AB5EC0941}.Debug|Any CPU.Build.0 = Debug|Any CPU
		{D5E88A83-E2FF-4CE3-96CA-052AB5EC0941}.Debug|x64.ActiveCfg = Debug|x64
		{D5E88A83-E2FF-4CE3-96CA-052AB5EC0941}.Debug|x64.Build.0 = Debug|x64
		{D5E88A83-E2FF-4CE3-96CA-052AB5EC0941}.Debug|x86.ActiveCfg = Debug|x86
		{D5E88A83-E2FF-4CE3-96CA-052AB5EC0941}.Debug|x86.Build.0 = Debug|x86
		{D5E88A83-E2FF-4CE3-96CA-052AB5EC0941}.Release|Any CPU.ActiveCfg = Release|Any CPU
		{D5E88A83-E2FF-4CE3-96CA-052AB5EC0941}.Release|Any CPU.Build.0 = Release|Any CPU
		{D5E88A83-E2FF-4CE3-96CA-052AB5EC0941}.Release|x64.ActiveCfg = Release|x64
		{D5E88A83-E2FF-4CE3-96CA-052AB5EC0941}.Release|x64.Build.0 = Release|x64
		{D5E88A83-E2FF-4CE3-96CA-052AB5EC0941}.Release|x86.ActiveCfg = Release|x86
		{D5E88A83-E2FF-4CE3-96CA-052AB5EC0941}.Release|x86.Build.0 = Release|x86
		{8E207908-1430-4435-B3E8-15E238DE1BDA}.Debug|Any CPU.ActiveCfg = Debug|Any CPU
		{8E207908-1430-4435-B3E8-15E238DE1BDA}.Debug|Any CPU.Build.0 = Debug|Any CPU
		{8E207908-1430-4435-B3E8-15E238DE1BDA}.Debug|x64.ActiveCfg = Debug|x64
		{8E207908-1430-4435-B3E8-15E238DE1BDA}.Debug|x64.Build.0 = Debug|x64
		{8E207908-1430-4435-B3E8-15E238DE1BDA}.Debug|x86.ActiveCfg = Debug|x86
		{8E207908-1430-4435-B3E8-15E238DE1BDA}.Debug|x86.Build.0 = Debug|x86
		{8E207908-1430-4435-B3E8-15E238DE1BDA}.Release|Any CPU.ActiveCfg = Release|Any CPU
		{8E207908-1430-4435-B3E8-15E238DE1BDA}.Release|Any CPU.Build.0 = Release|Any CPU
		{8E207908-1430-4435-B3E8-15E238DE1BDA}.Release|x64.ActiveCfg = Release|x64
		{8E207908-1430-4435-B3E8-15E238DE1BDA}.Release|x64.Build.0 = Release|x64
		{8E207908-1430-4435-B3E8-15E238DE1BDA}.Release|x86.ActiveCfg = Release|x86
		{8E207908-1430-4435-B3E8-15E238DE1BDA}.Release|x86.Build.0 = Release|x86
		{B301D57D-20BC-4559-86E8-43D3C01AD8B7}.Debug|Any CPU.ActiveCfg = Debug|Any CPU
		{B301D57D-20BC-4559-86E8-43D3C01AD8B7}.Debug|Any CPU.Build.0 = Debug|Any CPU
		{B301D57D-20BC-4559-86E8-43D3C01AD8B7}.Debug|x64.ActiveCfg = Debug|x64
		{B301D57D-20BC-4559-86E8-43D3C01AD8B7}.Debug|x64.Build.0 = Debug|x64
		{B301D57D-20BC-4559-86E8-43D3C01AD8B7}.Debug|x86.ActiveCfg = Debug|x86
		{B301D57D-20BC-4559-86E8-43D3C01AD8B7}.Debug|x86.Build.0 = Debug|x86
		{B301D57D-20BC-4559-86E8-43D3C01AD8B7}.Release|Any CPU.ActiveCfg = Release|Any CPU
		{B301D57D-20BC-4559-86E8-43D3C01AD8B7}.Release|Any CPU.Build.0 = Release|Any CPU
		{B301D57D-20BC-4559-86E8-43D3C01AD8B7}.Release|x64.ActiveCfg = Release|x64
		{B301D57D-20BC-4559-86E8-43D3C01AD8B7}.Release|x64.Build.0 = Release|x64
		{B301D57D-20BC-4559-86E8-43D3C01AD8B7}.Release|x86.ActiveCfg = Release|x86
		{B301D57D-20BC-4559-86E8-43D3C01AD8B7}.Release|x86.Build.0 = Release|x86
		{F1B77ED4-51B2-445C-9D58-B9719A4735E6}.Debug|Any CPU.ActiveCfg = Debug|Any CPU
		{F1B77ED4-51B2-445C-9D58-B9719A4735E6}.Debug|Any CPU.Build.0 = Debug|Any CPU
		{F1B77ED4-51B2-445C-9D58-B9719A4735E6}.Debug|x64.ActiveCfg = Debug|x64
		{F1B77ED4-51B2-445C-9D58-B9719A4735E6}.Debug|x64.Build.0 = Debug|x64
		{F1B77ED4-51B2-445C-9D58-B9719A4735E6}.Debug|x86.ActiveCfg = Debug|x86
		{F1B77ED4-51B2-445C-9D58-B9719A4735E6}.Debug|x86.Build.0 = Debug|x86
		{F1B77ED4-51B2-445C-9D58-B9719A4735E6}.Release|Any CPU.ActiveCfg = Release|Any CPU
		{F1B77ED4-51B2-445C-9D58-B9719A4735E6}.Release|Any CPU.Build.0 = Release|Any CPU
		{F1B77ED4-51B2-445C-9D58-B9719A4735E6}.Release|x64.ActiveCfg = Release|x64
		{F1B77ED4-51B2-445C-9D58-B9719A4735E6}.Release|x64.Build.0 = Release|x64
		{F1B77ED4-51B2-445C-9D58-B9719A4735E6}.Release|x86.ActiveCfg = Release|x86
		{F1B77ED4-51B2-445C-9D58-B9719A4735E6}.Release|x86.Build.0 = Release|x86
		{4BA5F719-AB99-4119-8285-E8288D676609}.Debug|Any CPU.ActiveCfg = Debug|Any CPU
		{4BA5F719-AB99-4119-8285-E8288D676609}.Debug|Any CPU.Build.0 = Debug|Any CPU
		{4BA5F719-AB99-4119-8285-E8288D676609}.Debug|x64.ActiveCfg = Debug|x64
		{4BA5F719-AB99-4119-8285-E8288D676609}.Debug|x64.Build.0 = Debug|x64
		{4BA5F719-AB99-4119-8285-E8288D676609}.Debug|x86.ActiveCfg = Debug|x86
		{4BA5F719-AB99-4119-8285-E8288D676609}.Debug|x86.Build.0 = Debug|x86
		{4BA5F719-AB99-4119-8285-E8288D676609}.Release|Any CPU.ActiveCfg = Release|Any CPU
		{4BA5F719-AB99-4119-8285-E8288D676609}.Release|Any CPU.Build.0 = Release|Any CPU
		{4BA5F719-AB99-4119-8285-E8288D676609}.Release|x64.ActiveCfg = Release|x64
		{4BA5F719-AB99-4119-8285-E8288D676609}.Release|x64.Build.0 = Release|x64
		{4BA5F719-AB99-4119-8285-E8288D676609}.Release|x86.ActiveCfg = Release|x86
		{4BA5F719-AB99-4119-8285-E8288D676609}.Release|x86.Build.0 = Release|x86
		{A8DC1EAE-E5F8-419B-A0C1-2B1B6C45F6D6}.Debug|Any CPU.ActiveCfg = Debug|Any CPU
		{A8DC1EAE-E5F8-419B-A0C1-2B1B6C45F6D6}.Debug|Any CPU.Build.0 = Debug|Any CPU
		{A8DC1EAE-E5F8-419B-A0C1-2B1B6C45F6D6}.Debug|x64.ActiveCfg = Debug|x64
		{A8DC1EAE-E5F8-419B-A0C1-2B1B6C45F6D6}.Debug|x64.Build.0 = Debug|x64
		{A8DC1EAE-E5F8-419B-A0C1-2B1B6C45F6D6}.Debug|x86.ActiveCfg = Debug|x86
		{A8DC1EAE-E5F8-419B-A0C1-2B1B6C45F6D6}.Debug|x86.Build.0 = Debug|x86
		{A8DC1EAE-E5F8-419B-A0C1-2B1B6C45F6D6}.Release|Any CPU.ActiveCfg = Release|Any CPU
		{A8DC1EAE-E5F8-419B-A0C1-2B1B6C45F6D6}.Release|Any CPU.Build.0 = Release|Any CPU
		{A8DC1EAE-E5F8-419B-A0C1-2B1B6C45F6D6}.Release|x64.ActiveCfg = Release|x64
		{A8DC1EAE-E5F8-419B-A0C1-2B1B6C45F6D6}.Release|x64.Build.0 = Release|x64
		{A8DC1EAE-E5F8-419B-A0C1-2B1B6C45F6D6}.Release|x86.ActiveCfg = Release|x86
		{A8DC1EAE-E5F8-419B-A0C1-2B1B6C45F6D6}.Release|x86.Build.0 = Release|x86
		{F0132EB7-1A0C-4583-9C5C-D9296B73C59A}.Debug|Any CPU.ActiveCfg = Debug|Any CPU
		{F0132EB7-1A0C-4583-9C5C-D9296B73C59A}.Debug|Any CPU.Build.0 = Debug|Any CPU
		{F0132EB7-1A0C-4583-9C5C-D9296B73C59A}.Debug|x64.ActiveCfg = Debug|x64
		{F0132EB7-1A0C-4583-9C5C-D9296B73C59A}.Debug|x64.Build.0 = Debug|x64
		{F0132EB7-1A0C-4583-9C5C-D9296B73C59A}.Debug|x86.ActiveCfg = Debug|x86
		{F0132EB7-1A0C-4583-9C5C-D9296B73C59A}.Debug|x86.Build.0 = Debug|x86
		{F0132EB7-1A0C-4583-9C5C-D9296B73C59A}.Release|Any CPU.ActiveCfg = Release|Any CPU
		{F0132EB7-1A0C-4583-9C5C-D9296B73C59A}.Release|Any CPU.Build.0 = Release|Any CPU
		{F0132EB7-1A0C-4583-9C5C-D9296B73C59A}.Release|x64.ActiveCfg = Release|x64
		{F0132EB7-1A0C-4583-9C5C-D9296B73C59A}.Release|x64.Build.0 = Release|x64
		{F0132EB7-1A0C-4583-9C5C-D9296B73C59A}.Release|x86.ActiveCfg = Release|x86
		{F0132EB7-1A0C-4583-9C5C-D9296B73C59A}.Release|x86.Build.0 = Release|x86
		{F98BC72C-A3F4-4944-86F7-A323B39E7250}.Debug|Any CPU.ActiveCfg = Debug|Any CPU
		{F98BC72C-A3F4-4944-86F7-A323B39E7250}.Debug|Any CPU.Build.0 = Debug|Any CPU
		{F98BC72C-A3F4-4944-86F7-A323B39E7250}.Debug|x64.ActiveCfg = Debug|x64
		{F98BC72C-A3F4-4944-86F7-A323B39E7250}.Debug|x64.Build.0 = Debug|x64
		{F98BC72C-A3F4-4944-86F7-A323B39E7250}.Debug|x86.ActiveCfg = Debug|x86
		{F98BC72C-A3F4-4944-86F7-A323B39E7250}.Debug|x86.Build.0 = Debug|x86
		{F98BC72C-A3F4-4944-86F7-A323B39E7250}.Release|Any CPU.ActiveCfg = Release|Any CPU
		{F98BC72C-A3F4-4944-86F7-A323B39E7250}.Release|Any CPU.Build.0 = Release|Any CPU
		{F98BC72C-A3F4-4944-86F7-A323B39E7250}.Release|x64.ActiveCfg = Release|x64
		{F98BC72C-A3F4-4944-86F7-A323B39E7250}.Release|x64.Build.0 = Release|x64
		{F98BC72C-A3F4-4944-86F7-A323B39E7250}.Release|x86.ActiveCfg = Release|x86
		{F98BC72C-A3F4-4944-86F7-A323B39E7250}.Release|x86.Build.0 = Release|x86
	EndGlobalSection
EndGlobal
