
Microsoft Visual Studio Solution File, Format Version 12.00
# Visual Studio 15
VisualStudioVersion = 15.0.26124.0
MinimumVisualStudioVersion = 15.0.26124.0
Project("{6EC3EE1D-3C4E-46DD-8F32-0CC8E7565705}") = "Ozmo", "ozmo\Ozmo.fsproj", "{A657D68F-2FF8-4D4E-94F4-03373E48D793}"
EndProject
Project("{6EC3EE1D-3C4E-46DD-8F32-0CC8E7565705}") = "React.TodoMVC", "react-todomvc\React.TodoMVC.fsproj", "{34E52684-F16A-4255-998B-15C50C559EE8}"
EndProject
Project("{6EC3EE1D-3C4E-46DD-8F32-0CC8E7565705}") = "Canvas", "canvas\Canvas.fsproj", "{B3A83CC0-C80E-4BB0-965C-15369934137C}"
EndProject
Project("{6EC3EE1D-3C4E-46DD-8F32-0CC8E7565705}") = "Funsnake", "funsnake\Funsnake.fsproj", "{63F3424A-6DB7-4D61-8CE9-1E295CDC0CD3}"
EndProject
Project("{6EC3EE1D-3C4E-46DD-8F32-0CC8E7565705}") = "Hokusai", "hokusai\Hokusai.fsproj", "{53B3DB05-6F25-4C7D-83C5-63DFC931425A}"
EndProject
Project("{6EC3EE1D-3C4E-46DD-8F32-0CC8E7565705}") = "LSystem", "lsystem\LSystem.fsproj", "{568BFE09-B390-443B-A2CF-B64EAA4EA379}"
EndProject
Global
	GlobalSection(SolutionConfigurationPlatforms) = preSolution
		Debug|Any CPU = Debug|Any CPU
		Debug|x64 = Debug|x64
		Debug|x86 = Debug|x86
		Release|Any CPU = Release|Any CPU
		Release|x64 = Release|x64
		Release|x86 = Release|x86
	EndGlobalSection
	GlobalSection(SolutionProperties) = preSolution
		HideSolutionNode = FALSE
	EndGlobalSection
	GlobalSection(ProjectConfigurationPlatforms) = postSolution
		{A657D68F-2FF8-4D4E-94F4-03373E48D793}.Debug|Any CPU.ActiveCfg = Debug|Any CPU
		{A657D68F-2FF8-4D4E-94F4-03373E48D793}.Debug|Any CPU.Build.0 = Debug|Any CPU
		{A657D68F-2FF8-4D4E-94F4-03373E48D793}.Debug|x64.ActiveCfg = Debug|x64
		{A657D68F-2FF8-4D4E-94F4-03373E48D793}.Debug|x64.Build.0 = Debug|x64
		{A657D68F-2FF8-4D4E-94F4-03373E48D793}.Debug|x86.ActiveCfg = Debug|x86
		{A657D68F-2FF8-4D4E-94F4-03373E48D793}.Debug|x86.Build.0 = Debug|x86
		{A657D68F-2FF8-4D4E-94F4-03373E48D793}.Release|Any CPU.ActiveCfg = Release|Any CPU
		{A657D68F-2FF8-4D4E-94F4-03373E48D793}.Release|Any CPU.Build.0 = Release|Any CPU
		{A657D68F-2FF8-4D4E-94F4-03373E48D793}.Release|x64.ActiveCfg = Release|x64
		{A657D68F-2FF8-4D4E-94F4-03373E48D793}.Release|x64.Build.0 = Release|x64
		{A657D68F-2FF8-4D4E-94F4-03373E48D793}.Release|x86.ActiveCfg = Release|x86
		{A657D68F-2FF8-4D4E-94F4-03373E48D793}.Release|x86.Build.0 = Release|x86
		{34E52684-F16A-4255-998B-15C50C559EE8}.Debug|Any CPU.ActiveCfg = Debug|Any CPU
		{34E52684-F16A-4255-998B-15C50C559EE8}.Debug|Any CPU.Build.0 = Debug|Any CPU
		{34E52684-F16A-4255-998B-15C50C559EE8}.Debug|x64.ActiveCfg = Debug|x64
		{34E52684-F16A-4255-998B-15C50C559EE8}.Debug|x64.Build.0 = Debug|x64
		{34E52684-F16A-4255-998B-15C50C559EE8}.Debug|x86.ActiveCfg = Debug|x86
		{34E52684-F16A-4255-998B-15C50C559EE8}.Debug|x86.Build.0 = Debug|x86
		{34E52684-F16A-4255-998B-15C50C559EE8}.Release|Any CPU.ActiveCfg = Release|Any CPU
		{34E52684-F16A-4255-998B-15C50C559EE8}.Release|Any CPU.Build.0 = Release|Any CPU
		{34E52684-F16A-4255-998B-15C50C559EE8}.Release|x64.ActiveCfg = Release|x64
		{34E52684-F16A-4255-998B-15C50C559EE8}.Release|x64.Build.0 = Release|x64
		{34E52684-F16A-4255-998B-15C50C559EE8}.Release|x86.ActiveCfg = Release|x86
		{34E52684-F16A-4255-998B-15C50C559EE8}.Release|x86.Build.0 = Release|x86
		{B3A83CC0-C80E-4BB0-965C-15369934137C}.Debug|Any CPU.ActiveCfg = Debug|Any CPU
		{B3A83CC0-C80E-4BB0-965C-15369934137C}.Debug|Any CPU.Build.0 = Debug|Any CPU
		{B3A83CC0-C80E-4BB0-965C-15369934137C}.Debug|x64.ActiveCfg = Debug|x64
		{B3A83CC0-C80E-4BB0-965C-15369934137C}.Debug|x64.Build.0 = Debug|x64
		{B3A83CC0-C80E-4BB0-965C-15369934137C}.Debug|x86.ActiveCfg = Debug|x86
		{B3A83CC0-C80E-4BB0-965C-15369934137C}.Debug|x86.Build.0 = Debug|x86
		{B3A83CC0-C80E-4BB0-965C-15369934137C}.Release|Any CPU.ActiveCfg = Release|Any CPU
		{B3A83CC0-C80E-4BB0-965C-15369934137C}.Release|Any CPU.Build.0 = Release|Any CPU
		{B3A83CC0-C80E-4BB0-965C-15369934137C}.Release|x64.ActiveCfg = Release|x64
		{B3A83CC0-C80E-4BB0-965C-15369934137C}.Release|x64.Build.0 = Release|x64
		{B3A83CC0-C80E-4BB0-965C-15369934137C}.Release|x86.ActiveCfg = Release|x86
		{B3A83CC0-C80E-4BB0-965C-15369934137C}.Release|x86.Build.0 = Release|x86
		{63F3424A-6DB7-4D61-8CE9-1E295CDC0CD3}.Debug|Any CPU.ActiveCfg = Debug|Any CPU
		{63F3424A-6DB7-4D61-8CE9-1E295CDC0CD3}.Debug|Any CPU.Build.0 = Debug|Any CPU
		{63F3424A-6DB7-4D61-8CE9-1E295CDC0CD3}.Debug|x64.ActiveCfg = Debug|x64
		{63F3424A-6DB7-4D61-8CE9-1E295CDC0CD3}.Debug|x64.Build.0 = Debug|x64
		{63F3424A-6DB7-4D61-8CE9-1E295CDC0CD3}.Debug|x86.ActiveCfg = Debug|x86
		{63F3424A-6DB7-4D61-8CE9-1E295CDC0CD3}.Debug|x86.Build.0 = Debug|x86
		{63F3424A-6DB7-4D61-8CE9-1E295CDC0CD3}.Release|Any CPU.ActiveCfg = Release|Any CPU
		{63F3424A-6DB7-4D61-8CE9-1E295CDC0CD3}.Release|Any CPU.Build.0 = Release|Any CPU
		{63F3424A-6DB7-4D61-8CE9-1E295CDC0CD3}.Release|x64.ActiveCfg = Release|x64
		{63F3424A-6DB7-4D61-8CE9-1E295CDC0CD3}.Release|x64.Build.0 = Release|x64
		{63F3424A-6DB7-4D61-8CE9-1E295CDC0CD3}.Release|x86.ActiveCfg = Release|x86
		{63F3424A-6DB7-4D61-8CE9-1E295CDC0CD3}.Release|x86.Build.0 = Release|x86
		{53B3DB05-6F25-4C7D-83C5-63DFC931425A}.Debug|Any CPU.ActiveCfg = Debug|Any CPU
		{53B3DB05-6F25-4C7D-83C5-63DFC931425A}.Debug|Any CPU.Build.0 = Debug|Any CPU
		{53B3DB05-6F25-4C7D-83C5-63DFC931425A}.Debug|x64.ActiveCfg = Debug|x64
		{53B3DB05-6F25-4C7D-83C5-63DFC931425A}.Debug|x64.Build.0 = Debug|x64
		{53B3DB05-6F25-4C7D-83C5-63DFC931425A}.Debug|x86.ActiveCfg = Debug|x86
		{53B3DB05-6F25-4C7D-83C5-63DFC931425A}.Debug|x86.Build.0 = Debug|x86
		{53B3DB05-6F25-4C7D-83C5-63DFC931425A}.Release|Any CPU.ActiveCfg = Release|Any CPU
		{53B3DB05-6F25-4C7D-83C5-63DFC931425A}.Release|Any CPU.Build.0 = Release|Any CPU
		{53B3DB05-6F25-4C7D-83C5-63DFC931425A}.Release|x64.ActiveCfg = Release|x64
		{53B3DB05-6F25-4C7D-83C5-63DFC931425A}.Release|x64.Build.0 = Release|x64
		{53B3DB05-6F25-4C7D-83C5-63DFC931425A}.Release|x86.ActiveCfg = Release|x86
		{53B3DB05-6F25-4C7D-83C5-63DFC931425A}.Release|x86.Build.0 = Release|x86
		{568BFE09-B390-443B-A2CF-B64EAA4EA379}.Debug|Any CPU.ActiveCfg = Debug|Any CPU
		{568BFE09-B390-443B-A2CF-B64EAA4EA379}.Debug|Any CPU.Build.0 = Debug|Any CPU
		{568BFE09-B390-443B-A2CF-B64EAA4EA379}.Debug|x64.ActiveCfg = Debug|x64
		{568BFE09-B390-443B-A2CF-B64EAA4EA379}.Debug|x64.Build.0 = Debug|x64
		{568BFE09-B390-443B-A2CF-B64EAA4EA379}.Debug|x86.ActiveCfg = Debug|x86
		{568BFE09-B390-443B-A2CF-B64EAA4EA379}.Debug|x86.Build.0 = Debug|x86
		{568BFE09-B390-443B-A2CF-B64EAA4EA379}.Release|Any CPU.ActiveCfg = Release|Any CPU
		{568BFE09-B390-443B-A2CF-B64EAA4EA379}.Release|Any CPU.Build.0 = Release|Any CPU
		{568BFE09-B390-443B-A2CF-B64EAA4EA379}.Release|x64.ActiveCfg = Release|x64
		{568BFE09-B390-443B-A2CF-B64EAA4EA379}.Release|x64.Build.0 = Release|x64
		{568BFE09-B390-443B-A2CF-B64EAA4EA379}.Release|x86.ActiveCfg = Release|x86
		{568BFE09-B390-443B-A2CF-B64EAA4EA379}.Release|x86.Build.0 = Release|x86
	EndGlobalSection
EndGlobal
